
Microsoft Visual Studio Solution File, Format Version 12.00
# Visual Studio Version 17
VisualStudioVersion = 17.8.34212.112
MinimumVisualStudioVersion = 10.0.40219.1
Project("{9A19103F-16F7-4668-BE54-9A1E7A4F7556}") = "TypesAndVariables", "TypesAndVariables\TypesAndVariables.csproj", "{C8ED572D-2EB4-499B-84A0-88B831FE3DC0}"
EndProject
Project("{9A19103F-16F7-4668-BE54-9A1E7A4F7556}") = "Conditionals", "Conditionals\Conditionals.csproj", "{1C4FA7BB-E7FA-4CD7-B596-92FF00E1994D}"
EndProject
Project("{9A19103F-16F7-4668-BE54-9A1E7A4F7556}") = "Methods", "Methods\Methods.csproj", "{70C9C52D-F117-41A2-984D-8DA5F874233E}"
EndProject
Project("{9A19103F-16F7-4668-BE54-9A1E7A4F7556}") = "Arrays", "Arrays\Arrays.csproj", "{DB8AB22C-FB1C-4DD4-965C-5EF1FE57BC96}"
EndProject
Project("{9A19103F-16F7-4668-BE54-9A1E7A4F7556}") = "Loops", "Loops\Loops.csproj", "{2FDFA9A2-7532-4F4A-9E1D-0976A78D5E03}"
EndProject
Project("{9A19103F-16F7-4668-BE54-9A1E7A4F7556}") = "Strings", "Strings\Strings.csproj", "{1507794B-EC8E-4A27-BA54-55185AF3A43C}"
EndProject
Project("{FAE04EC0-301F-11D3-BF4B-00C04F79EFBC}") = "Classes", "Classes\Classes.csproj", "{764DA43B-04C0-4EC6-B2F6-8D7B96CD80C7}"
EndProject
Project("{FAE04EC0-301F-11D3-BF4B-00C04F79EFBC}") = "RecapDemoDama", "RecapDemoDama\RecapDemoDama.csproj", "{9B20C24C-CF08-4AFE-BFCB-79E847336371}"
EndProject
Project("{FAE04EC0-301F-11D3-BF4B-00C04F79EFBC}") = "Interfaces", "Interfaces\Interfaces.csproj", "{D9D2635B-3807-4243-96E9-F3A0811650DC}"
EndProject
Global
	GlobalSection(SolutionConfigurationPlatforms) = preSolution
		Debug|Any CPU = Debug|Any CPU
		Release|Any CPU = Release|Any CPU
	EndGlobalSection
	GlobalSection(ProjectConfigurationPlatforms) = postSolution
		{C8ED572D-2EB4-499B-84A0-88B831FE3DC0}.Debug|Any CPU.ActiveCfg = Debug|Any CPU
		{C8ED572D-2EB4-499B-84A0-88B831FE3DC0}.Debug|Any CPU.Build.0 = Debug|Any CPU
		{C8ED572D-2EB4-499B-84A0-88B831FE3DC0}.Release|Any CPU.ActiveCfg = Release|Any CPU
		{C8ED572D-2EB4-499B-84A0-88B831FE3DC0}.Release|Any CPU.Build.0 = Release|Any CPU
		{1C4FA7BB-E7FA-4CD7-B596-92FF00E1994D}.Debug|Any CPU.ActiveCfg = Debug|Any CPU
		{1C4FA7BB-E7FA-4CD7-B596-92FF00E1994D}.Debug|Any CPU.Build.0 = Debug|Any CPU
		{1C4FA7BB-E7FA-4CD7-B596-92FF00E1994D}.Release|Any CPU.ActiveCfg = Release|Any CPU
		{1C4FA7BB-E7FA-4CD7-B596-92FF00E1994D}.Release|Any CPU.Build.0 = Release|Any CPU
		{70C9C52D-F117-41A2-984D-8DA5F874233E}.Debug|Any CPU.ActiveCfg = Debug|Any CPU
		{70C9C52D-F117-41A2-984D-8DA5F874233E}.Debug|Any CPU.Build.0 = Debug|Any CPU
		{70C9C52D-F117-41A2-984D-8DA5F874233E}.Release|Any CPU.ActiveCfg = Release|Any CPU
		{70C9C52D-F117-41A2-984D-8DA5F874233E}.Release|Any CPU.Build.0 = Release|Any CPU
		{DB8AB22C-FB1C-4DD4-965C-5EF1FE57BC96}.Debug|Any CPU.ActiveCfg = Debug|Any CPU
		{DB8AB22C-FB1C-4DD4-965C-5EF1FE57BC96}.Debug|Any CPU.Build.0 = Debug|Any CPU
		{DB8AB22C-FB1C-4DD4-965C-5EF1FE57BC96}.Release|Any CPU.ActiveCfg = Release|Any CPU
		{DB8AB22C-FB1C-4DD4-965C-5EF1FE57BC96}.Release|Any CPU.Build.0 = Release|Any CPU
		{2FDFA9A2-7532-4F4A-9E1D-0976A78D5E03}.Debug|Any CPU.ActiveCfg = Debug|Any CPU
		{2FDFA9A2-7532-4F4A-9E1D-0976A78D5E03}.Debug|Any CPU.Build.0 = Debug|Any CPU
		{2FDFA9A2-7532-4F4A-9E1D-0976A78D5E03}.Release|Any CPU.ActiveCfg = Release|Any CPU
		{2FDFA9A2-7532-4F4A-9E1D-0976A78D5E03}.Release|Any CPU.Build.0 = Release|Any CPU
		{1507794B-EC8E-4A27-BA54-55185AF3A43C}.Debug|Any CPU.ActiveCfg = Debug|Any CPU
		{1507794B-EC8E-4A27-BA54-55185AF3A43C}.Debug|Any CPU.Build.0 = Debug|Any CPU
		{1507794B-EC8E-4A27-BA54-55185AF3A43C}.Release|Any CPU.ActiveCfg = Release|Any CPU
		{1507794B-EC8E-4A27-BA54-55185AF3A43C}.Release|Any CPU.Build.0 = Release|Any CPU
		{764DA43B-04C0-4EC6-B2F6-8D7B96CD80C7}.Debug|Any CPU.ActiveCfg = Debug|Any CPU
		{764DA43B-04C0-4EC6-B2F6-8D7B96CD80C7}.Debug|Any CPU.Build.0 = Debug|Any CPU
		{764DA43B-04C0-4EC6-B2F6-8D7B96CD80C7}.Release|Any CPU.ActiveCfg = Release|Any CPU
		{764DA43B-04C0-4EC6-B2F6-8D7B96CD80C7}.Release|Any CPU.Build.0 = Release|Any CPU
		{9B20C24C-CF08-4AFE-BFCB-79E847336371}.Debug|Any CPU.ActiveCfg = Debug|Any CPU
		{9B20C24C-CF08-4AFE-BFCB-79E847336371}.Debug|Any CPU.Build.0 = Debug|Any CPU
		{9B20C24C-CF08-4AFE-BFCB-79E847336371}.Release|Any CPU.ActiveCfg = Release|Any CPU
		{9B20C24C-CF08-4AFE-BFCB-79E847336371}.Release|Any CPU.Build.0 = Release|Any CPU
		{D9D2635B-3807-4243-96E9-F3A0811650DC}.Debug|Any CPU.ActiveCfg = Debug|Any CPU
		{D9D2635B-3807-4243-96E9-F3A0811650DC}.Debug|Any CPU.Build.0 = Debug|Any CPU
		{D9D2635B-3807-4243-96E9-F3A0811650DC}.Release|Any CPU.ActiveCfg = Release|Any CPU
		{D9D2635B-3807-4243-96E9-F3A0811650DC}.Release|Any CPU.Build.0 = Release|Any CPU
	EndGlobalSection
	GlobalSection(SolutionProperties) = preSolution
		HideSolutionNode = FALSE
	EndGlobalSection
	GlobalSection(ExtensibilityGlobals) = postSolution
		SolutionGuid = {3FE683D0-2E9B-4041-8BD8-EC7212C347F3}
	EndGlobalSection
EndGlobal
